
Microsoft Visual Studio Solution File, Format Version 12.00
# Visual Studio Version 17
VisualStudioVersion = 17.1.32328.378
MinimumVisualStudioVersion = 10.0.40219.1
Project("{FAE04EC0-301F-11D3-BF4B-00C04F79EFBC}") = "HelloWorldDemo_WPF_Framework", "HelloWorldDemo_WPF_Framework\HelloWorldDemo_WPF_Framework.csproj", "{3CEB791C-5970-4C67-BAF0-A63EB37B2A21}"
EndProject
Global
	GlobalSection(SolutionConfigurationPlatforms) = preSolution
		Debug|Any CPU = Debug|Any CPU
		Release|Any CPU = Release|Any CPU
	EndGlobalSection
	GlobalSection(ProjectConfigurationPlatforms) = postSolution
		{3CEB791C-5970-4C67-BAF0-A63EB37B2A21}.Debug|Any CPU.ActiveCfg = Debug|Any CPU
		{3CEB791C-5970-4C67-BAF0-A63EB37B2A21}.Debug|Any CPU.Build.0 = Debug|Any CPU
		{3CEB791C-5970-4C67-BAF0-A63EB37B2A21}.Release|Any CPU.ActiveCfg = Release|Any CPU
		{3CEB791C-5970-4C67-BAF0-A63EB37B2A21}.Release|Any CPU.Build.0 = Release|Any CPU
	EndGlobalSection
	GlobalSection(SolutionProperties) = preSolution
		HideSolutionNode = FALSE
	EndGlobalSection
	GlobalSection(ExtensibilityGlobals) = postSolution
		SolutionGuid = {F43CC26B-8C6B-46BD-BB1F-8A6E0677C506}
	EndGlobalSection
EndGlobal
